
Microsoft Visual Studio Solution File, Format Version 12.00
# Visual Studio Version 17
VisualStudioVersion = 17.11.35312.102
MinimumVisualStudioVersion = 10.0.40219.1
Project("{FAE04EC0-301F-11D3-BF4B-00C04F79EFBC}") = "addierer", "addierer\addierer.csproj", "{481C0258-6A2F-43C0-92B8-53E14D85AEF8}"
EndProject
Project("{FAE04EC0-301F-11D3-BF4B-00C04F79EFBC}") = "Aufgabe2", "Aufgabe2\Aufgabe2.csproj", "{EBD59F5F-7F7C-4C7E-BDBB-5D7055C8E99B}"
EndProject
Project("{FAE04EC0-301F-11D3-BF4B-00C04F79EFBC}") = "Aufgabe3", "Aufgabe3\Aufgabe3.csproj", "{72FE92B0-93C4-485B-8809-82E5CACF945E}"
EndProject
Project("{FAE04EC0-301F-11D3-BF4B-00C04F79EFBC}") = "Aufgabe4", "Aufgabe4\Aufgabe4.csproj", "{35EE75E7-95CF-425B-92E0-917821F2F668}"
EndProject
Project("{FAE04EC0-301F-11D3-BF4B-00C04F79EFBC}") = "Aufgabe5", "Aufgabe5\Aufgabe5.csproj", "{ED1C2013-3078-460F-A32D-579DB72090F8}"
EndProject
Project("{FAE04EC0-301F-11D3-BF4B-00C04F79EFBC}") = "Aufgabe 6", "Aufgabe 6\Aufgabe 6.csproj", "{F72F1B6A-FD9D-4780-A26D-4F88B7905618}"
EndProject
Project("{FAE04EC0-301F-11D3-BF4B-00C04F79EFBC}") = "Aufgabe7", "Aufgabe7\Aufgabe7.csproj", "{5E1F7160-1723-4A32-B07F-2E5239C4C530}"
EndProject
Project("{FAE04EC0-301F-11D3-BF4B-00C04F79EFBC}") = "Aufgabe8", "Aufgabe8\Aufgabe8.csproj", "{A3D4AC99-E307-40B4-BD9D-98DEF8F375B9}"
EndProject
Global
	GlobalSection(SolutionConfigurationPlatforms) = preSolution
		Debug|Any CPU = Debug|Any CPU
		Release|Any CPU = Release|Any CPU
	EndGlobalSection
	GlobalSection(ProjectConfigurationPlatforms) = postSolution
		{481C0258-6A2F-43C0-92B8-53E14D85AEF8}.Debug|Any CPU.ActiveCfg = Debug|Any CPU
		{481C0258-6A2F-43C0-92B8-53E14D85AEF8}.Debug|Any CPU.Build.0 = Debug|Any CPU
		{481C0258-6A2F-43C0-92B8-53E14D85AEF8}.Release|Any CPU.ActiveCfg = Release|Any CPU
		{481C0258-6A2F-43C0-92B8-53E14D85AEF8}.Release|Any CPU.Build.0 = Release|Any CPU
		{EBD59F5F-7F7C-4C7E-BDBB-5D7055C8E99B}.Debug|Any CPU.ActiveCfg = Debug|Any CPU
		{EBD59F5F-7F7C-4C7E-BDBB-5D7055C8E99B}.Debug|Any CPU.Build.0 = Debug|Any CPU
		{EBD59F5F-7F7C-4C7E-BDBB-5D7055C8E99B}.Release|Any CPU.ActiveCfg = Release|Any CPU
		{EBD59F5F-7F7C-4C7E-BDBB-5D7055C8E99B}.Release|Any CPU.Build.0 = Release|Any CPU
		{72FE92B0-93C4-485B-8809-82E5CACF945E}.Debug|Any CPU.ActiveCfg = Debug|Any CPU
		{72FE92B0-93C4-485B-8809-82E5CACF945E}.Debug|Any CPU.Build.0 = Debug|Any CPU
		{72FE92B0-93C4-485B-8809-82E5CACF945E}.Release|Any CPU.ActiveCfg = Release|Any CPU
		{72FE92B0-93C4-485B-8809-82E5CACF945E}.Release|Any CPU.Build.0 = Release|Any CPU
		{35EE75E7-95CF-425B-92E0-917821F2F668}.Debug|Any CPU.ActiveCfg = Debug|Any CPU
		{35EE75E7-95CF-425B-92E0-917821F2F668}.Debug|Any CPU.Build.0 = Debug|Any CPU
		{35EE75E7-95CF-425B-92E0-917821F2F668}.Release|Any CPU.ActiveCfg = Release|Any CPU
		{35EE75E7-95CF-425B-92E0-917821F2F668}.Release|Any CPU.Build.0 = Release|Any CPU
		{ED1C2013-3078-460F-A32D-579DB72090F8}.Debug|Any CPU.ActiveCfg = Debug|Any CPU
		{ED1C2013-3078-460F-A32D-579DB72090F8}.Debug|Any CPU.Build.0 = Debug|Any CPU
		{ED1C2013-3078-460F-A32D-579DB72090F8}.Release|Any CPU.ActiveCfg = Release|Any CPU
		{ED1C2013-3078-460F-A32D-579DB72090F8}.Release|Any CPU.Build.0 = Release|Any CPU
		{F72F1B6A-FD9D-4780-A26D-4F88B7905618}.Debug|Any CPU.ActiveCfg = Debug|Any CPU
		{F72F1B6A-FD9D-4780-A26D-4F88B7905618}.Debug|Any CPU.Build.0 = Debug|Any CPU
		{F72F1B6A-FD9D-4780-A26D-4F88B7905618}.Release|Any CPU.ActiveCfg = Release|Any CPU
		{F72F1B6A-FD9D-4780-A26D-4F88B7905618}.Release|Any CPU.Build.0 = Release|Any CPU
		{5E1F7160-1723-4A32-B07F-2E5239C4C530}.Debug|Any CPU.ActiveCfg = Debug|Any CPU
		{5E1F7160-1723-4A32-B07F-2E5239C4C530}.Debug|Any CPU.Build.0 = Debug|Any CPU
		{5E1F7160-1723-4A32-B07F-2E5239C4C530}.Release|Any CPU.ActiveCfg = Release|Any CPU
		{5E1F7160-1723-4A32-B07F-2E5239C4C530}.Release|Any CPU.Build.0 = Release|Any CPU
		{A3D4AC99-E307-40B4-BD9D-98DEF8F375B9}.Debug|Any CPU.ActiveCfg = Debug|Any CPU
		{A3D4AC99-E307-40B4-BD9D-98DEF8F375B9}.Debug|Any CPU.Build.0 = Debug|Any CPU
		{A3D4AC99-E307-40B4-BD9D-98DEF8F375B9}.Release|Any CPU.ActiveCfg = Release|Any CPU
		{A3D4AC99-E307-40B4-BD9D-98DEF8F375B9}.Release|Any CPU.Build.0 = Release|Any CPU
	EndGlobalSection
	GlobalSection(SolutionProperties) = preSolution
		HideSolutionNode = FALSE
	EndGlobalSection
	GlobalSection(ExtensibilityGlobals) = postSolution
		SolutionGuid = {3FF01F42-8579-4DAC-A75A-2F4410999C69}
	EndGlobalSection
EndGlobal
